github.com/cbergoon/merkletree v0.2.0 h1:Bttqr3OuoiZEo4ed1L7fTasHka9II+BF9fhBfbNEEoQ=
github.com/cbergoon/merkletree v0.2.0/go.mod h1:5c15eckUgiucMGDOCanvalj/yJnD+KAZj1qyJtRW5aM=
github.com/pkg/errors v0.9.1 h1:FEBLx1zS214owpjy7qsBeixbURkuhQAwrK5UwLGTwt4=
github.com/pkg/errors v0.9.1/go.mod h1:bwawxfHBFNV+L2hUp1rHADufV3IMtnDRdf1r5NINEl0=
